
Microsoft Visual Studio Solution File, Format Version 12.00
# Visual Studio Version 17
VisualStudioVersion = 17.9.34714.143
MinimumVisualStudioVersion = 10.0.40219.1
Project("{9A19103F-16F7-4668-BE54-9A1E7A4F7556}") = "OpencvStudy", "OpencvStudy\OpencvStudy.csproj", "{7D8E2D18-D1E1-4848-88B9-10C7DB044412}"
EndProject
Project("{9A19103F-16F7-4668-BE54-9A1E7A4F7556}") = "OpenCvRecognition", "OpenCvRecognition\OpenCvRecognition.csproj", "{F6D0907F-8D36-4732-8B8C-3974994D5238}"
EndProject
Project("{FAE04EC0-301F-11D3-BF4B-00C04F79EFBC}") = "OpenCvRecognition.WPF", "OpenCvRecognition.WPF\OpenCvRecognition.WPF.csproj", "{4A821C00-3D34-4778-BF30-072F5DAB19C8}"
EndProject
Global
	GlobalSection(SolutionConfigurationPlatforms) = preSolution
		Debug|Any CPU = Debug|Any CPU
		Release|Any CPU = Release|Any CPU
	EndGlobalSection
	GlobalSection(ProjectConfigurationPlatforms) = postSolution
		{7D8E2D18-D1E1-4848-88B9-10C7DB044412}.Debug|Any CPU.ActiveCfg = Debug|Any CPU
		{7D8E2D18-D1E1-4848-88B9-10C7DB044412}.Debug|Any CPU.Build.0 = Debug|Any CPU
		{7D8E2D18-D1E1-4848-88B9-10C7DB044412}.Release|Any CPU.ActiveCfg = Release|Any CPU
		{7D8E2D18-D1E1-4848-88B9-10C7DB044412}.Release|Any CPU.Build.0 = Release|Any CPU
		{F6D0907F-8D36-4732-8B8C-3974994D5238}.Debug|Any CPU.ActiveCfg = Debug|Any CPU
		{F6D0907F-8D36-4732-8B8C-3974994D5238}.Debug|Any CPU.Build.0 = Debug|Any CPU
		{F6D0907F-8D36-4732-8B8C-3974994D5238}.Release|Any CPU.ActiveCfg = Release|Any CPU
		{F6D0907F-8D36-4732-8B8C-3974994D5238}.Release|Any CPU.Build.0 = Release|Any CPU
		{4A821C00-3D34-4778-BF30-072F5DAB19C8}.Debug|Any CPU.ActiveCfg = Debug|Any CPU
		{4A821C00-3D34-4778-BF30-072F5DAB19C8}.Debug|Any CPU.Build.0 = Debug|Any CPU
		{4A821C00-3D34-4778-BF30-072F5DAB19C8}.Release|Any CPU.ActiveCfg = Release|Any CPU
		{4A821C00-3D34-4778-BF30-072F5DAB19C8}.Release|Any CPU.Build.0 = Release|Any CPU
	EndGlobalSection
	GlobalSection(SolutionProperties) = preSolution
		HideSolutionNode = FALSE
	EndGlobalSection
	GlobalSection(ExtensibilityGlobals) = postSolution
		SolutionGuid = {0C417C32-E732-41F9-AE4C-48198A61A33B}
	EndGlobalSection
EndGlobal
